{
  "name": "data_generator",
  "version": "1.0.0",
  "lockfileVersion": 2,
  "requires": true,
  "packages": {
    "": {
      "name": "data_generator",
      "version": "1.0.0",
      "license": "ISC",
      "dependencies": {
        "randgen": "^0.1.0",
        "randtools": "^1.2.0",
        "skew-normal-random": "^1.0.0"
      }
    },
    "node_modules/randgen": {
      "version": "0.1.0",
      "resolved": "https://registry.npmjs.org/randgen/-/randgen-0.1.0.tgz",
      "integrity": "sha512-z0xKLFpnQdh+HxSDrR71trUqR/U8OnPUU3FYRXdZDr3sw99+scgFIZmwSHbR2L//sgX5oq9opfZTkC5v1WCkoQ=="
    },
    "node_modules/randtools": {
      "version": "1.2.0",
      "resolved": "https://registry.npmjs.org/randtools/-/randtools-1.2.0.tgz",
      "integrity": "sha512-24400WOVz8dKBrJxjDKVyU1K3s2QT4Gv/p1Ki5wQuIFUtNLeBkS0Yln+en2gbGj1UXmTdRnANeEVLz21oXd9Aw=="
    },
    "node_modules/skew-normal-random": {
      "version": "1.0.0",
      "resolved": "https://registry.npmjs.org/skew-normal-random/-/skew-normal-random-1.0.0.tgz",
      "integrity": "sha512-O8mL5XQJPR3we7fSqXTWznvgBA+PFm8x12hQFiRjFiLpOLbCzV6DDCQsyCzamP2DteaxcJv0o2a4Pwjd14J9Uw=="
    }
  },
  "dependencies": {
    "randgen": {
      "version": "0.1.0",
      "resolved": "https://registry.npmjs.org/randgen/-/randgen-0.1.0.tgz",
      "integrity": "sha512-z0xKLFpnQdh+HxSDrR71trUqR/U8OnPUU3FYRXdZDr3sw99+scgFIZmwSHbR2L//sgX5oq9opfZTkC5v1WCkoQ=="
    },
    "randtools": {
      "version": "1.2.0",
      "resolved": "https://registry.npmjs.org/randtools/-/randtools-1.2.0.tgz",
      "integrity": "sha512-24400WOVz8dKBrJxjDKVyU1K3s2QT4Gv/p1Ki5wQuIFUtNLeBkS0Yln+en2gbGj1UXmTdRnANeEVLz21oXd9Aw=="
    },
    "skew-normal-random": {
      "version": "1.0.0",
      "resolved": "https://registry.npmjs.org/skew-normal-random/-/skew-normal-random-1.0.0.tgz",
      "integrity": "sha512-O8mL5XQJPR3we7fSqXTWznvgBA+PFm8x12hQFiRjFiLpOLbCzV6DDCQsyCzamP2DteaxcJv0o2a4Pwjd14J9Uw=="
    }
  }
}
